
Microsoft Visual Studio Solution File, Format Version 12.00
# Visual Studio Version 17
VisualStudioVersion = 17.11.35312.102
MinimumVisualStudioVersion = 10.0.40219.1
Project("{9A19103F-16F7-4668-BE54-9A1E7A4F7556}") = "SHC-Rebalancer", "SHC-Rebalancer\SHC-Rebalancer.csproj", "{BD9E2E88-0CF8-44B9-A217-9D53006D8460}"
EndProject
Global
	GlobalSection(SolutionConfigurationPlatforms) = preSolution
		Debug|Any CPU = Debug|Any CPU
		Release|Any CPU = Release|Any CPU
	EndGlobalSection
	GlobalSection(ProjectConfigurationPlatforms) = postSolution
		{BD9E2E88-0CF8-44B9-A217-9D53006D8460}.Debug|Any CPU.ActiveCfg = Debug|Any CPU
		{BD9E2E88-0CF8-44B9-A217-9D53006D8460}.Debug|Any CPU.Build.0 = Debug|Any CPU
		{BD9E2E88-0CF8-44B9-A217-9D53006D8460}.Release|Any CPU.ActiveCfg = Release|Any CPU
		{BD9E2E88-0CF8-44B9-A217-9D53006D8460}.Release|Any CPU.Build.0 = Release|Any CPU
	EndGlobalSection
	GlobalSection(SolutionProperties) = preSolution
		HideSolutionNode = FALSE
	EndGlobalSection
	GlobalSection(ExtensibilityGlobals) = postSolution
		SolutionGuid = {B00D5139-0557-455A-B6B7-A8C15BF08C81}
	EndGlobalSection
EndGlobal
